
Microsoft Visual Studio Solution File, Format Version 12.00
# Visual Studio Version 16
VisualStudioVersion = 16.0.31205.134
MinimumVisualStudioVersion = 10.0.40219.1
Project("{FAE04EC0-301F-11D3-BF4B-00C04F79EFBC}") = "LastSurvivor", "LastSurvivor.csproj", "{022B83C3-098A-401D-AF2B-0E607E5A450B}"
EndProject
Global
	GlobalSection(SolutionConfigurationPlatforms) = preSolution
		Debug|Any CPU = Debug|Any CPU
		Release|Any CPU = Release|Any CPU
	EndGlobalSection
	GlobalSection(ProjectConfigurationPlatforms) = postSolution
		{022B83C3-098A-401D-AF2B-0E607E5A450B}.Debug|Any CPU.ActiveCfg = Debug|Any CPU
		{022B83C3-098A-401D-AF2B-0E607E5A450B}.Debug|Any CPU.Build.0 = Debug|Any CPU
		{022B83C3-098A-401D-AF2B-0E607E5A450B}.Release|Any CPU.ActiveCfg = Release|Any CPU
		{022B83C3-098A-401D-AF2B-0E607E5A450B}.Release|Any CPU.Build.0 = Release|Any CPU
	EndGlobalSection
	GlobalSection(SolutionProperties) = preSolution
		HideSolutionNode = FALSE
	EndGlobalSection
	GlobalSection(ExtensibilityGlobals) = postSolution
		SolutionGuid = {A3B6429C-8FC9-42CA-9371-A8300E421340}
	EndGlobalSection
EndGlobal
